
Microsoft Visual Studio Solution File, Format Version 12.00
# Visual Studio Version 17
VisualStudioVersion = 17.4.33122.133
MinimumVisualStudioVersion = 10.0.40219.1
Project("{9A19103F-16F7-4668-BE54-9A1E7A4F7556}") = "HuTao.NET", "HuTao.NET\HuTao.NET.csproj", "{A5AA406A-3333-4B9F-9692-D2026AD2C5BD}"
EndProject
Project("{9A19103F-16F7-4668-BE54-9A1E7A4F7556}") = "HuTao.NET.Tests", "HuTao.NET.Tests\HuTao.NET.Tests.csproj", "{045E5A65-5998-4232-B141-7F9740A6F5C1}"
EndProject
Project("{FAE04EC0-301F-11D3-BF4B-00C04F79EFBC}") = "HuTao.NET.Auth", "HuTao.NET.Auth\HuTao.NET.Auth.csproj", "{917D1295-2B43-450F-B439-64E92CBE7656}"
EndProject
Global
	GlobalSection(SolutionConfigurationPlatforms) = preSolution
		Debug|Any CPU = Debug|Any CPU
		Release|Any CPU = Release|Any CPU
	EndGlobalSection
	GlobalSection(ProjectConfigurationPlatforms) = postSolution
		{A5AA406A-3333-4B9F-9692-D2026AD2C5BD}.Debug|Any CPU.ActiveCfg = Debug|Any CPU
		{A5AA406A-3333-4B9F-9692-D2026AD2C5BD}.Debug|Any CPU.Build.0 = Debug|Any CPU
		{A5AA406A-3333-4B9F-9692-D2026AD2C5BD}.Release|Any CPU.ActiveCfg = Release|Any CPU
		{A5AA406A-3333-4B9F-9692-D2026AD2C5BD}.Release|Any CPU.Build.0 = Release|Any CPU
		{045E5A65-5998-4232-B141-7F9740A6F5C1}.Debug|Any CPU.ActiveCfg = Debug|Any CPU
		{045E5A65-5998-4232-B141-7F9740A6F5C1}.Debug|Any CPU.Build.0 = Debug|Any CPU
		{045E5A65-5998-4232-B141-7F9740A6F5C1}.Release|Any CPU.ActiveCfg = Release|Any CPU
		{045E5A65-5998-4232-B141-7F9740A6F5C1}.Release|Any CPU.Build.0 = Release|Any CPU
		{917D1295-2B43-450F-B439-64E92CBE7656}.Debug|Any CPU.ActiveCfg = Debug|Any CPU
		{917D1295-2B43-450F-B439-64E92CBE7656}.Debug|Any CPU.Build.0 = Debug|Any CPU
		{917D1295-2B43-450F-B439-64E92CBE7656}.Release|Any CPU.ActiveCfg = Release|Any CPU
		{917D1295-2B43-450F-B439-64E92CBE7656}.Release|Any CPU.Build.0 = Release|Any CPU
	EndGlobalSection
	GlobalSection(SolutionProperties) = preSolution
		HideSolutionNode = FALSE
	EndGlobalSection
	GlobalSection(ExtensibilityGlobals) = postSolution
		SolutionGuid = {7699A0EA-FF17-4D3B-BE9A-CB8BCADA3206}
	EndGlobalSection
EndGlobal
